
Microsoft Visual Studio Solution File, Format Version 12.00
# Visual Studio Version 16
VisualStudioVersion = 16.0.30128.74
MinimumVisualStudioVersion = 10.0.40219.1
Project("{FAE04EC0-301F-11D3-BF4B-00C04F79EFBC}") = "401prework", "401prework\401prework.csproj", "{B4CFF512-B4E7-4586-90C8-F4D3D152DFE0}"
EndProject
Global
	GlobalSection(SolutionConfigurationPlatforms) = preSolution
		Debug|Any CPU = Debug|Any CPU
		Release|Any CPU = Release|Any CPU
	EndGlobalSection
	GlobalSection(ProjectConfigurationPlatforms) = postSolution
		{B4CFF512-B4E7-4586-90C8-F4D3D152DFE0}.Debug|Any CPU.ActiveCfg = Debug|Any CPU
		{B4CFF512-B4E7-4586-90C8-F4D3D152DFE0}.Debug|Any CPU.Build.0 = Debug|Any CPU
		{B4CFF512-B4E7-4586-90C8-F4D3D152DFE0}.Release|Any CPU.ActiveCfg = Release|Any CPU
		{B4CFF512-B4E7-4586-90C8-F4D3D152DFE0}.Release|Any CPU.Build.0 = Release|Any CPU
	EndGlobalSection
	GlobalSection(SolutionProperties) = preSolution
		HideSolutionNode = FALSE
	EndGlobalSection
	GlobalSection(ExtensibilityGlobals) = postSolution
		SolutionGuid = {C190DC89-DCD0-45B2-80DE-D814D04C06BE}
	EndGlobalSection
EndGlobal
